
Microsoft Visual Studio Solution File, Format Version 12.00
# Visual Studio Version 17
VisualStudioVersion = 17.14.37111.16 d17.14
MinimumVisualStudioVersion = 10.0.40219.1
Project("{FAE04EC0-301F-11D3-BF4B-00C04F79EFBC}") = "Comercio-Web", "TPComercio\Comercio-Web.csproj", "{F1231485-E45D-4CE4-9765-9D705C36D2FC}"
EndProject
Project("{FAE04EC0-301F-11D3-BF4B-00C04F79EFBC}") = "Dominio", "Dominio\Dominio.csproj", "{3DE2E2F3-1B3F-4379-8147-116F31F1E3EA}"
EndProject
Project("{FAE04EC0-301F-11D3-BF4B-00C04F79EFBC}") = "Negocio", "Negocio\Negocio.csproj", "{F3962147-B03F-49EF-B576-F976F140B556}"
EndProject
Project("{FAE04EC0-301F-11D3-BF4B-00C04F79EFBC}") = "Datos", "Datos\Datos.csproj", "{8BE521A2-6187-4DA9-BBB4-9D4F1727C2BD}"
EndProject
Global
	GlobalSection(SolutionConfigurationPlatforms) = preSolution
		Debug|Any CPU = Debug|Any CPU
		Release|Any CPU = Release|Any CPU
	EndGlobalSection
	GlobalSection(ProjectConfigurationPlatforms) = postSolution
		{F1231485-E45D-4CE4-9765-9D705C36D2FC}.Debug|Any CPU.ActiveCfg = Debug|Any CPU
		{F1231485-E45D-4CE4-9765-9D705C36D2FC}.Debug|Any CPU.Build.0 = Debug|Any CPU
		{F1231485-E45D-4CE4-9765-9D705C36D2FC}.Release|Any CPU.ActiveCfg = Release|Any CPU
		{F1231485-E45D-4CE4-9765-9D705C36D2FC}.Release|Any CPU.Build.0 = Release|Any CPU
		{3DE2E2F3-1B3F-4379-8147-116F31F1E3EA}.Debug|Any CPU.ActiveCfg = Debug|Any CPU
		{3DE2E2F3-1B3F-4379-8147-116F31F1E3EA}.Debug|Any CPU.Build.0 = Debug|Any CPU
		{3DE2E2F3-1B3F-4379-8147-116F31F1E3EA}.Release|Any CPU.ActiveCfg = Release|Any CPU
		{3DE2E2F3-1B3F-4379-8147-116F31F1E3EA}.Release|Any CPU.Build.0 = Release|Any CPU
		{F3962147-B03F-49EF-B576-F976F140B556}.Debug|Any CPU.ActiveCfg = Debug|Any CPU
		{F3962147-B03F-49EF-B576-F976F140B556}.Debug|Any CPU.Build.0 = Debug|Any CPU
		{F3962147-B03F-49EF-B576-F976F140B556}.Release|Any CPU.ActiveCfg = Release|Any CPU
		{F3962147-B03F-49EF-B576-F976F140B556}.Release|Any CPU.Build.0 = Release|Any CPU
		{8BE521A2-6187-4DA9-BBB4-9D4F1727C2BD}.Debug|Any CPU.ActiveCfg = Debug|Any CPU
		{8BE521A2-6187-4DA9-BBB4-9D4F1727C2BD}.Debug|Any CPU.Build.0 = Debug|Any CPU
		{8BE521A2-6187-4DA9-BBB4-9D4F1727C2BD}.Release|Any CPU.ActiveCfg = Release|Any CPU
		{8BE521A2-6187-4DA9-BBB4-9D4F1727C2BD}.Release|Any CPU.Build.0 = Release|Any CPU
	EndGlobalSection
	GlobalSection(SolutionProperties) = preSolution
		HideSolutionNode = FALSE
	EndGlobalSection
	GlobalSection(ExtensibilityGlobals) = postSolution
		SolutionGuid = {104478FB-517D-4098-B762-61507BCCE0BD}
	EndGlobalSection
EndGlobal
